{
  "nodes": {
    "nixpkgs": {
      "locked": {
        "lastModified": 1603040019,
        "narHash": "sha256-K+ykdYYh1KGM0+cDRfOLpegVj/dxRelkSjcU3Hb+Mwo=",
        "owner": "NixOS",
        "repo": "nixpkgs",
        "rev": "8310b5a38817d6f244c88d936776f323b7fd7522",
        "type": "github"
      },
      "original": {
        "id": "nixpkgs",
        "type": "indirect"
      }
    },
    "root": {
      "inputs": {
        "nixpkgs": "nixpkgs"
      }
    }
  },
  "root": "root",
  "version": 7
}
